// !$*UTF8*$!
{
	archiveVersion = 1;
	classes = {
	};
	objectVersion = 77;
	objects = {

/* Begin PBXBuildFile section */
		FF00000D2EE0F6D6003FEA0C /* FormFitWatch.app in Embed Watch Content */ = {isa = PBXBuildFile; fileRef = FF0000022EE0F6D6003FEA0C /* FormFitWatch.app */; settings = {ATTRIBUTES = (RemoveHeadersOnCopy, ); }; };
/* End PBXBuildFile section */

/* Begin PBXContainerItemProxy section */
		1B7DD8B72EE0F6D7003FEA0C /* PBXContainerItemProxy */ = {
			isa = PBXContainerItemProxy;
			containerPortal = 1B7DD8A12EE0F6D6003FEA0C /* Project object */;
			proxyType = 1;
			remoteGlobalIDString = 1B7DD8A82EE0F6D6003FEA0C;
			remoteInfo = FFSwiftTest;
		};
		1B7DD8C12EE0F6D7003FEA0C /* PBXContainerItemProxy */ = {
			isa = PBXContainerItemProxy;
			containerPortal = 1B7DD8A12EE0F6D6003FEA0C /* Project object */;
			proxyType = 1;
			remoteGlobalIDString = 1B7DD8A82EE0F6D6003FEA0C;
			remoteInfo = FFSwiftTest;
		};
		FF00000A2EE0F6D6003FEA0C /* PBXContainerItemProxy */ = {
			isa = PBXContainerItemProxy;
			containerPortal = 1B7DD8A12EE0F6D6003FEA0C /* Project object */;
			proxyType = 1;
			remoteGlobalIDString = FF0000012EE0F6D6003FEA0C;
			remoteInfo = FormFitWatch;
		};
/* End PBXContainerItemProxy section */

/* Begin PBXFileReference section */
		1B7DD8A92EE0F6D6003FEA0C /* FFSwiftTest.app */ = {isa = PBXFileReference; explicitFileType = wrapper.application; includeInIndex = 0; path = FFSwiftTest.app; sourceTree = BUILT_PRODUCTS_DIR; };
		1B7DD8B62EE0F6D7003FEA0C /* FFSwiftTestTests.xctest */ = {isa = PBXFileReference; explicitFileType = wrapper.cfbundle; includeInIndex = 0; path = FFSwiftTestTests.xctest; sourceTree = BUILT_PRODUCTS_DIR; };
		1B7DD8C02EE0F6D7003FEA0C /* FFSwiftTestUITests.xctest */ = {isa = PBXFileReference; explicitFileType = wrapper.cfbundle; includeInIndex = 0; path = FFSwiftTestUITests.xctest; sourceTree = BUILT_PRODUCTS_DIR; };
		FF0000022EE0F6D6003FEA0C /* FormFitWatch.app */ = {isa = PBXFileReference; explicitFileType = wrapper.application; includeInIndex = 0; path = FormFitWatch.app; sourceTree = BUILT_PRODUCTS_DIR; };
/* End PBXFileReference section */

/* Begin PBXFileSystemSynchronizedRootGroup section */
		1B7DD8AB2EE0F6D6003FEA0C /* FFSwiftTest */ = {
			isa = PBXFileSystemSynchronizedRootGroup;
			path = FFSwiftTest;
			sourceTree = "<group>";
		};
		1B7DD8B92EE0F6D7003FEA0C /* FFSwiftTestTests */ = {
			isa = PBXFileSystemSynchronizedRootGroup;
			path = FFSwiftTestTests;
			sourceTree = "<group>";
		};
		1B7DD8C32EE0F6D7003FEA0C /* FFSwiftTestUITests */ = {
			isa = PBXFileSystemSynchronizedRootGroup;
			path = FFSwiftTestUITests;
			sourceTree = "<group>";
		};
		FF0000092EE0F6D6003FEA0C /* FormFitWatch */ = {
			isa = PBXFileSystemSynchronizedRootGroup;
			path = FormFitWatch;
			sourceTree = "<group>";
		};
/* End PBXFileSystemSynchronizedRootGroup section */

/* Begin PBXFrameworksBuildPhase section */
		1B7DD8A62EE0F6D6003FEA0C /* Frameworks */ = {
			isa = PBXFrameworksBuildPhase;
			buildActionMask = 2147483647;
			files = (
			);
			runOnlyForDeploymentPostprocessing = 0;
		};
		1B7DD8B32EE0F6D7003FEA0C /* Frameworks */ = {
			isa = PBXFrameworksBuildPhase;
			buildActionMask = 2147483647;
			files = (
			);
			runOnlyForDeploymentPostprocessing = 0;
		};
		1B7DD8BD2EE0F6D7003FEA0C /* Frameworks */ = {
			isa = PBXFrameworksBuildPhase;
			buildActionMask = 2147483647;
			files = (
			);
			runOnlyForDeploymentPostprocessing = 0;
		};
		FF0000072EE0F6D6003FEA0C /* Frameworks */ = {
			isa = PBXFrameworksBuildPhase;
			buildActionMask = 2147483647;
			files = (
			);
			runOnlyForDeploymentPostprocessing = 0;
		};
/* End PBXFrameworksBuildPhase section */

/* Begin PBXCopyFilesBuildPhase section */
		FF00000C2EE0F6D6003FEA0C /* Embed Watch Content */ = {
			isa = PBXCopyFilesBuildPhase;
			buildActionMask = 2147483647;
			dstPath = "$(CONTENTS_FOLDER_PATH)/Watch";
			dstSubfolderSpec = 16;
			files = (
				FF00000D2EE0F6D6003FEA0C /* FormFitWatch.app in Embed Watch Content */,
			);
			name = "Embed Watch Content";
			runOnlyForDeploymentPostprocessing = 0;
		};
/* End PBXCopyFilesBuildPhase section */

/* Begin PBXGroup section */
		1B7DD8A02EE0F6D6003FEA0C = {
			isa = PBXGroup;
			children = (
				1B7DD8AB2EE0F6D6003FEA0C /* FFSwiftTest */,
				FF0000092EE0F6D6003FEA0C /* FormFitWatch */,
				1B7DD8B92EE0F6D7003FEA0C /* FFSwiftTestTests */,
				1B7DD8C32EE0F6D7003FEA0C /* FFSwiftTestUITests */,
				1B7DD8AA2EE0F6D6003FEA0C /* Products */,
			);
			sourceTree = "<group>";
		};
		1B7DD8AA2EE0F6D6003FEA0C /* Products */ = {
			isa = PBXGroup;
			children = (
				1B7DD8A92EE0F6D6003FEA0C /* FFSwiftTest.app */,
				FF0000022EE0F6D6003FEA0C /* FormFitWatch.app */,
				1B7DD8B62EE0F6D7003FEA0C /* FFSwiftTestTests.xctest */,
				1B7DD8C02EE0F6D7003FEA0C /* FFSwiftTestUITests.xctest */,
			);
			name = Products;
			sourceTree = "<group>";
		};
/* End PBXGroup section */

/* Begin PBXNativeTarget section */
		1B7DD8A82EE0F6D6003FEA0C /* FFSwiftTest */ = {
			isa = PBXNativeTarget;
			buildConfigurationList = 1B7DD8CA2EE0F6D7003FEA0C /* Build configuration list for PBXNativeTarget "FFSwiftTest" */;
			buildPhases = (
				1B7DD8A52EE0F6D6003FEA0C /* Sources */,
				1B7DD8A62EE0F6D6003FEA0C /* Frameworks */,
				1B7DD8A72EE0F6D6003FEA0C /* Resources */,
				FF00000C2EE0F6D6003FEA0C /* Embed Watch Content */,
			);
			buildRules = (
			);
			dependencies = (
				FF00000B2EE0F6D6003FEA0C /* PBXTargetDependency */,
			);
			fileSystemSynchronizedGroups = (
				1B7DD8AB2EE0F6D6003FEA0C /* FFSwiftTest */,
			);
			name = FFSwiftTest;
			packageProductDependencies = (
			);
			productName = FFSwiftTest;
			productReference = 1B7DD8A92EE0F6D6003FEA0C /* FFSwiftTest.app */;
			productType = "com.apple.product-type.application";
		};
		FF0000012EE0F6D6003FEA0C /* FormFitWatch */ = {
			isa = PBXNativeTarget;
			buildConfigurationList = FF0000032EE0F6D6003FEA0C /* Build configuration list for PBXNativeTarget "FormFitWatch" */;
			buildPhases = (
				FF0000062EE0F6D6003FEA0C /* Sources */,
				FF0000072EE0F6D6003FEA0C /* Frameworks */,
				FF0000082EE0F6D6003FEA0C /* Resources */,
			);
			buildRules = (
			);
			dependencies = (
			);
			fileSystemSynchronizedGroups = (
				FF0000092EE0F6D6003FEA0C /* FormFitWatch */,
			);
			name = FormFitWatch;
			packageProductDependencies = (
			);
			productName = FormFitWatch;
			productReference = FF0000022EE0F6D6003FEA0C /* FormFitWatch.app */;
			productType = "com.apple.product-type.application";
		};
		1B7DD8B52EE0F6D7003FEA0C /* FFSwiftTestTests */ = {
			isa = PBXNativeTarget;
			buildConfigurationList = 1B7DD8CD2EE0F6D7003FEA0C /* Build configuration list for PBXNativeTarget "FFSwiftTestTests" */;
			buildPhases = (
				1B7DD8B22EE0F6D7003FEA0C /* Sources */,
				1B7DD8B32EE0F6D7003FEA0C /* Frameworks */,
				1B7DD8B42EE0F6D7003FEA0C /* Resources */,
			);
			buildRules = (
			);
			dependencies = (
				1B7DD8B82EE0F6D7003FEA0C /* PBXTargetDependency */,
			);
			fileSystemSynchronizedGroups = (
				1B7DD8B92EE0F6D7003FEA0C /* FFSwiftTestTests */,
			);
			name = FFSwiftTestTests;
			packageProductDependencies = (
			);
			productName = FFSwiftTestTests;
			productReference = 1B7DD8B62EE0F6D7003FEA0C /* FFSwiftTestTests.xctest */;
			productType = "com.apple.product-type.bundle.unit-test";
		};
		1B7DD8BF2EE0F6D7003FEA0C /* FFSwiftTestUITests */ = {
			isa = PBXNativeTarget;
			buildConfigurationList = 1B7DD8D02EE0F6D7003FEA0C /* Build configuration list for PBXNativeTarget "FFSwiftTestUITests" */;
			buildPhases = (
				1B7DD8BC2EE0F6D7003FEA0C /* Sources */,
				1B7DD8BD2EE0F6D7003FEA0C /* Frameworks */,
				1B7DD8BE2EE0F6D7003FEA0C /* Resources */,
			);
			buildRules = (
			);
			dependencies = (
				1B7DD8C22EE0F6D7003FEA0C /* PBXTargetDependency */,
			);
			fileSystemSynchronizedGroups = (
				1B7DD8C32EE0F6D7003FEA0C /* FFSwiftTestUITests */,
			);
			name = FFSwiftTestUITests;
			packageProductDependencies = (
			);
			productName = FFSwiftTestUITests;
			productReference = 1B7DD8C02EE0F6D7003FEA0C /* FFSwiftTestUITests.xctest */;
			productType = "com.apple.product-type.bundle.ui-testing";
		};
/* End PBXNativeTarget section */

/* Begin PBXProject section */
		1B7DD8A12EE0F6D6003FEA0C /* Project object */ = {
			isa = PBXProject;
			attributes = {
				BuildIndependentTargetsInParallel = 1;
				LastSwiftUpdateCheck = 2600;
				LastUpgradeCheck = 2600;
				TargetAttributes = {
					1B7DD8A82EE0F6D6003FEA0C = {
						CreatedOnToolsVersion = 26.0.1;
					};
					1B7DD8B52EE0F6D7003FEA0C = {
						CreatedOnToolsVersion = 26.0.1;
						TestTargetID = 1B7DD8A82EE0F6D6003FEA0C;
					};
					1B7DD8BF2EE0F6D7003FEA0C = {
						CreatedOnToolsVersion = 26.0.1;
						TestTargetID = 1B7DD8A82EE0F6D6003FEA0C;
					};
					FF0000012EE0F6D6003FEA0C = {
						CreatedOnToolsVersion = 26.0.1;
					};
				};
			};
			buildConfigurationList = 1B7DD8A42EE0F6D6003FEA0C /* Build configuration list for PBXProject "FFSwiftTest" */;
			developmentRegion = en;
			hasScannedForEncodings = 0;
			knownRegions = (
				en,
				Base,
			);
			mainGroup = 1B7DD8A02EE0F6D6003FEA0C;
			minimizedProjectReferenceProxies = 1;
			preferredProjectObjectVersion = 77;
			productRefGroup = 1B7DD8AA2EE0F6D6003FEA0C /* Products */;
			projectDirPath = "";
			projectRoot = "";
			targets = (
				1B7DD8A82EE0F6D6003FEA0C /* FFSwiftTest */,
				FF0000012EE0F6D6003FEA0C /* FormFitWatch */,
				1B7DD8B52EE0F6D7003FEA0C /* FFSwiftTestTests */,
				1B7DD8BF2EE0F6D7003FEA0C /* FFSwiftTestUITests */,
			);
		};
/* End PBXProject section */

/* Begin PBXResourcesBuildPhase section */
		1B7DD8A72EE0F6D6003FEA0C /* Resources */ = {
			isa = PBXResourcesBuildPhase;
			buildActionMask = 2147483647;
			files = (
			);
			runOnlyForDeploymentPostprocessing = 0;
		};
		1B7DD8B42EE0F6D7003FEA0C /* Resources */ = {
			isa = PBXResourcesBuildPhase;
			buildActionMask = 2147483647;
			files = (
			);
			runOnlyForDeploymentPostprocessing = 0;
		};
		1B7DD8BE2EE0F6D7003FEA0C /* Resources */ = {
			isa = PBXResourcesBuildPhase;
			buildActionMask = 2147483647;
			files = (
			);
			runOnlyForDeploymentPostprocessing = 0;
		};
		FF0000082EE0F6D6003FEA0C /* Resources */ = {
			isa = PBXResourcesBuildPhase;
			buildActionMask = 2147483647;
			files = (
			);
			runOnlyForDeploymentPostprocessing = 0;
		};
/* End PBXResourcesBuildPhase section */

/* Begin PBXSourcesBuildPhase section */
		1B7DD8A52EE0F6D6003FEA0C /* Sources */ = {
			isa = PBXSourcesBuildPhase;
			buildActionMask = 2147483647;
			files = (
			);
			runOnlyForDeploymentPostprocessing = 0;
		};
		1B7DD8B22EE0F6D7003FEA0C /* Sources */ = {
			isa = PBXSourcesBuildPhase;
			buildActionMask = 2147483647;
			files = (
			);
			runOnlyForDeploymentPostprocessing = 0;
		};
		1B7DD8BC2EE0F6D7003FEA0C /* Sources */ = {
			isa = PBXSourcesBuildPhase;
			buildActionMask = 2147483647;
			files = (
			);
			runOnlyForDeploymentPostprocessing = 0;
		};
		FF0000062EE0F6D6003FEA0C /* Sources */ = {
			isa = PBXSourcesBuildPhase;
			buildActionMask = 2147483647;
			files = (
			);
			runOnlyForDeploymentPostprocessing = 0;
		};
/* End PBXSourcesBuildPhase section */

/* Begin PBXTargetDependency section */
		1B7DD8B82EE0F6D7003FEA0C /* PBXTargetDependency */ = {
			isa = PBXTargetDependency;
			target = 1B7DD8A82EE0F6D6003FEA0C /* FFSwiftTest */;
			targetProxy = 1B7DD8B72EE0F6D7003FEA0C /* PBXContainerItemProxy */;
		};
		1B7DD8C22EE0F6D7003FEA0C /* PBXTargetDependency */ = {
			isa = PBXTargetDependency;
			target = 1B7DD8A82EE0F6D6003FEA0C /* FFSwiftTest */;
			targetProxy = 1B7DD8C12EE0F6D7003FEA0C /* PBXContainerItemProxy */;
		};
		FF00000B2EE0F6D6003FEA0C /* PBXTargetDependency */ = {
			isa = PBXTargetDependency;
			target = FF0000012EE0F6D6003FEA0C /* FormFitWatch */;
			targetProxy = FF00000A2EE0F6D6003FEA0C /* PBXContainerItemProxy */;
		};
/* End PBXTargetDependency section */

/* Begin XCBuildConfiguration section */
		1B7DD8C82EE0F6D7003FEA0C /* Debug */ = {
			isa = XCBuildConfiguration;
			buildSettings = {
				ALWAYS_SEARCH_USER_PATHS = NO;
				ASSETCATALOG_COMPILER_GENERATE_SWIFT_ASSET_SYMBOL_EXTENSIONS = YES;
				CLANG_ANALYZER_NONNULL = YES;
				CLANG_ANALYZER_NUMBER_OBJECT_CONVERSION = YES_AGGRESSIVE;
				CLANG_CXX_LANGUAGE_STANDARD = "gnu++20";
				CLANG_ENABLE_MODULES = YES;
				CLANG_ENABLE_OBJC_ARC = YES;
				CLANG_ENABLE_OBJC_WEAK = YES;
				CLANG_WARN_BLOCK_CAPTURE_AUTORELEASING = YES;
				CLANG_WARN_BOOL_CONVERSION = YES;
				CLANG_WARN_COMMA = YES;
				CLANG_WARN_CONSTANT_CONVERSION = YES;
				CLANG_WARN_DEPRECATED_OBJC_IMPLEMENTATIONS = YES;
				CLANG_WARN_DIRECT_OBJC_ISA_USAGE = YES_ERROR;
				CLANG_WARN_DOCUMENTATION_COMMENTS = YES;
				CLANG_WARN_EMPTY_BODY = YES;
				CLANG_WARN_ENUM_CONVERSION = YES;
				CLANG_WARN_INFINITE_RECURSION = YES;
				CLANG_WARN_INT_CONVERSION = YES;
				CLANG_WARN_NON_LITERAL_NULL_CONVERSION = YES;
				CLANG_WARN_OBJC_IMPLICIT_RETAIN_SELF = YES;
				CLANG_WARN_OBJC_LITERAL_CONVERSION = YES;
				CLANG_WARN_OBJC_ROOT_CLASS = YES_ERROR;
				CLANG_WARN_QUOTED_INCLUDE_IN_FRAMEWORK_HEADER = YES;
				CLANG_WARN_RANGE_LOOP_ANALYSIS = YES;
				CLANG_WARN_STRICT_PROTOTYPES = YES;
				CLANG_WARN_SUSPICIOUS_MOVE = YES;
				CLANG_WARN_UNGUARDED_AVAILABILITY = YES_AGGRESSIVE;
				CLANG_WARN_UNREACHABLE_CODE = YES;
				CLANG_WARN__DUPLICATE_METHOD_MATCH = YES;
				COPY_PHASE_STRIP = NO;
				DEBUG_INFORMATION_FORMAT = dwarf;
				DEVELOPMENT_TEAM = 2AMJ55P8NJ;
				ENABLE_STRICT_OBJC_MSGSEND = YES;
				ENABLE_TESTABILITY = YES;
				ENABLE_USER_SCRIPT_SANDBOXING = YES;
				GCC_C_LANGUAGE_STANDARD = gnu17;
				GCC_DYNAMIC_NO_PIC = NO;
				GCC_NO_COMMON_BLOCKS = YES;
				GCC_OPTIMIZATION_LEVEL = 0;
				GCC_PREPROCESSOR_DEFINITIONS = (
					"DEBUG=1",
					"$(inherited)",
				);
				GCC_WARN_64_TO_32_BIT_CONVERSION = YES;
				GCC_WARN_ABOUT_RETURN_TYPE = YES_ERROR;
				GCC_WARN_UNDECLARED_SELECTOR = YES;
				GCC_WARN_UNINITIALIZED_AUTOS = YES_AGGRESSIVE;
				GCC_WARN_UNUSED_FUNCTION = YES;
				GCC_WARN_UNUSED_VARIABLE = YES;
				IPHONEOS_DEPLOYMENT_TARGET = 26.0;
				LOCALIZATION_PREFERS_STRING_CATALOGS = YES;
				MTL_ENABLE_DEBUG_INFO = INCLUDE_SOURCE;
				MTL_FAST_MATH = YES;
				ONLY_ACTIVE_ARCH = YES;
				SDKROOT = iphoneos;
				SWIFT_ACTIVE_COMPILATION_CONDITIONS = "DEBUG $(inherited)";
				SWIFT_OPTIMIZATION_LEVEL = "-Onone";
			};
			name = Debug;
		};
		1B7DD8C92EE0F6D7003FEA0C /* Release */ = {
			isa = XCBuildConfiguration;
			buildSettings = {
				ALWAYS_SEARCH_USER_PATHS = NO;
				ASSETCATALOG_COMPILER_GENERATE_SWIFT_ASSET_SYMBOL_EXTENSIONS = YES;
				CLANG_ANALYZER_NONNULL = YES;
				CLANG_ANALYZER_NUMBER_OBJECT_CONVERSION = YES_AGGRESSIVE;
				CLANG_CXX_LANGUAGE_STANDARD = "gnu++20";
				CLANG_ENABLE_MODULES = YES;
				CLANG_ENABLE_OBJC_ARC = YES;
				CLANG_ENABLE_OBJC_WEAK = YES;
				CLANG_WARN_BLOCK_CAPTURE_AUTORELEASING = YES;
				CLANG_WARN_BOOL_CONVERSION = YES;
				CLANG_WARN_COMMA = YES;
				CLANG_WARN_CONSTANT_CONVERSION = YES;
				CLANG_WARN_DEPRECATED_OBJC_IMPLEMENTATIONS = YES;
				CLANG_WARN_DIRECT_OBJC_ISA_USAGE = YES_ERROR;
				CLANG_WARN_DOCUMENTATION_COMMENTS = YES;
				CLANG_WARN_EMPTY_BODY = YES;
				CLANG_WARN_ENUM_CONVERSION = YES;
				CLANG_WARN_INFINITE_RECURSION = YES;
				CLANG_WARN_INT_CONVERSION = YES;
				CLANG_WARN_NON_LITERAL_NULL_CONVERSION = YES;
				CLANG_WARN_OBJC_IMPLICIT_RETAIN_SELF = YES;
				CLANG_WARN_OBJC_LITERAL_CONVERSION = YES;
				CLANG_WARN_OBJC_ROOT_CLASS = YES_ERROR;
				CLANG_WARN_QUOTED_INCLUDE_IN_FRAMEWORK_HEADER = YES;
				CLANG_WARN_RANGE_LOOP_ANALYSIS = YES;
				CLANG_WARN_STRICT_PROTOTYPES = YES;
				CLANG_WARN_SUSPICIOUS_MOVE = YES;
				CLANG_WARN_UNGUARDED_AVAILABILITY = YES_AGGRESSIVE;
				CLANG_WARN_UNREACHABLE_CODE = YES;
				CLANG_WARN__DUPLICATE_METHOD_MATCH = YES;
				COPY_PHASE_STRIP = NO;
				DEBUG_INFORMATION_FORMAT = "dwarf-with-dsym";
				DEVELOPMENT_TEAM = 2AMJ55P8NJ;
				ENABLE_NS_ASSERTIONS = NO;
				ENABLE_STRICT_OBJC_MSGSEND = YES;
				ENABLE_USER_SCRIPT_SANDBOXING = YES;
				GCC_C_LANGUAGE_STANDARD = gnu17;
				GCC_NO_COMMON_BLOCKS = YES;
				GCC_WARN_64_TO_32_BIT_CONVERSION = YES;
				GCC_WARN_ABOUT_RETURN_TYPE = YES_ERROR;
				GCC_WARN_UNDECLARED_SELECTOR = YES;
				GCC_WARN_UNINITIALIZED_AUTOS = YES_AGGRESSIVE;
				GCC_WARN_UNUSED_FUNCTION = YES;
				GCC_WARN_UNUSED_VARIABLE = YES;
				IPHONEOS_DEPLOYMENT_TARGET = 26.0;
				LOCALIZATION_PREFERS_STRING_CATALOGS = YES;
				MTL_ENABLE_DEBUG_INFO = NO;
				MTL_FAST_MATH = YES;
				SDKROOT = iphoneos;
				SWIFT_COMPILATION_MODE = wholemodule;
				VALIDATE_PRODUCT = YES;
			};
			name = Release;
		};
		1B7DD8CB2EE0F6D7003FEA0C /* Debug */ = {
			isa = XCBuildConfiguration;
			buildSettings = {
				ASSETCATALOG_COMPILER_APPICON_NAME = AppIcon;
				ASSETCATALOG_COMPILER_GLOBAL_ACCENT_COLOR_NAME = AccentColor;
				CODE_SIGN_STYLE = Automatic;
				CURRENT_PROJECT_VERSION = 1;
				DEVELOPMENT_TEAM = 2AMJ55P8NJ;
				ENABLE_PREVIEWS = YES;
				GENERATE_INFOPLIST_FILE = YES;
				INFOPLIST_KEY_LSSupportsOpeningDocumentsInPlace = YES;
				INFOPLIST_KEY_UIApplicationSceneManifest_Generation = YES;
				INFOPLIST_KEY_UIApplicationSupportsIndirectInputEvents = YES;
				INFOPLIST_KEY_UIFileSharingEnabled = YES;
				INFOPLIST_KEY_UILaunchScreen_Generation = YES;
				INFOPLIST_KEY_UISupportedInterfaceOrientations_iPad = "UIInterfaceOrientationPortrait UIInterfaceOrientationPortraitUpsideDown UIInterfaceOrientationLandscapeLeft UIInterfaceOrientationLandscapeRight";
				INFOPLIST_KEY_UISupportedInterfaceOrientations_iPhone = "UIInterfaceOrientationPortrait UIInterfaceOrientationLandscapeLeft UIInterfaceOrientationLandscapeRight";
				LD_RUNPATH_SEARCH_PATHS = (
					"$(inherited)",
					"@executable_path/Frameworks",
				);
				MARKETING_VERSION = 1.0;
				PRODUCT_BUNDLE_IDENTIFIER = FormFit.FFSwiftTest;
				PRODUCT_NAME = "$(TARGET_NAME)";
				STRING_CATALOG_GENERATE_SYMBOLS = YES;
				SWIFT_APPROACHABLE_CONCURRENCY = YES;
				SWIFT_DEFAULT_ACTOR_ISOLATION = MainActor;
				SWIFT_EMIT_LOC_STRINGS = YES;
				SWIFT_UPCOMING_FEATURE_MEMBER_IMPORT_VISIBILITY = YES;
				SWIFT_VERSION = 5.0;
				TARGETED_DEVICE_FAMILY = "1,2";
			};
			name = Debug;
		};
		1B7DD8CC2EE0F6D7003FEA0C /* Release */ = {
			isa = XCBuildConfiguration;
			buildSettings = {
				ASSETCATALOG_COMPILER_APPICON_NAME = AppIcon;
				ASSETCATALOG_COMPILER_GLOBAL_ACCENT_COLOR_NAME = AccentColor;
				CODE_SIGN_STYLE = Automatic;
				CURRENT_PROJECT_VERSION = 1;
				DEVELOPMENT_TEAM = 2AMJ55P8NJ;
				ENABLE_PREVIEWS = YES;
				GENERATE_INFOPLIST_FILE = YES;
				INFOPLIST_KEY_LSSupportsOpeningDocumentsInPlace = YES;
				INFOPLIST_KEY_UIApplicationSceneManifest_Generation = YES;
				INFOPLIST_KEY_UIApplicationSupportsIndirectInputEvents = YES;
				INFOPLIST_KEY_UIFileSharingEnabled = YES;
				INFOPLIST_KEY_UILaunchScreen_Generation = YES;
				INFOPLIST_KEY_UISupportedInterfaceOrientations_iPad = "UIInterfaceOrientationPortrait UIInterfaceOrientationPortraitUpsideDown UIInterfaceOrientationLandscapeLeft UIInterfaceOrientationLandscapeRight";
				INFOPLIST_KEY_UISupportedInterfaceOrientations_iPhone = "UIInterfaceOrientationPortrait UIInterfaceOrientationLandscapeLeft UIInterfaceOrientationLandscapeRight";
				LD_RUNPATH_SEARCH_PATHS = (
					"$(inherited)",
					"@executable_path/Frameworks",
				);
				MARKETING_VERSION = 1.0;
				PRODUCT_BUNDLE_IDENTIFIER = FormFit.FFSwiftTest;
				PRODUCT_NAME = "$(TARGET_NAME)";
				STRING_CATALOG_GENERATE_SYMBOLS = YES;
				SWIFT_APPROACHABLE_CONCURRENCY = YES;
				SWIFT_DEFAULT_ACTOR_ISOLATION = MainActor;
				SWIFT_EMIT_LOC_STRINGS = YES;
				SWIFT_UPCOMING_FEATURE_MEMBER_IMPORT_VISIBILITY = YES;
				SWIFT_VERSION = 5.0;
				TARGETED_DEVICE_FAMILY = "1,2";
			};
			name = Release;
		};
		1B7DD8CE2EE0F6D7003FEA0C /* Debug */ = {
			isa = XCBuildConfiguration;
			buildSettings = {
				BUNDLE_LOADER = "$(TEST_HOST)";
				CODE_SIGN_STYLE = Automatic;
				CURRENT_PROJECT_VERSION = 1;
				DEVELOPMENT_TEAM = 2AMJ55P8NJ;
				GENERATE_INFOPLIST_FILE = YES;
				IPHONEOS_DEPLOYMENT_TARGET = 26.0;
				MARKETING_VERSION = 1.0;
				PRODUCT_BUNDLE_IDENTIFIER = FormFit.FFSwiftTestTests;
				PRODUCT_NAME = "$(TARGET_NAME)";
				STRING_CATALOG_GENERATE_SYMBOLS = NO;
				SWIFT_APPROACHABLE_CONCURRENCY = YES;
				SWIFT_EMIT_LOC_STRINGS = NO;
				SWIFT_UPCOMING_FEATURE_MEMBER_IMPORT_VISIBILITY = YES;
				SWIFT_VERSION = 5.0;
				TARGETED_DEVICE_FAMILY = "1,2";
				TEST_HOST = "$(BUILT_PRODUCTS_DIR)/FFSwiftTest.app/$(BUNDLE_EXECUTABLE_FOLDER_PATH)/FFSwiftTest";
			};
			name = Debug;
		};
		1B7DD8CF2EE0F6D7003FEA0C /* Release */ = {
			isa = XCBuildConfiguration;
			buildSettings = {
				BUNDLE_LOADER = "$(TEST_HOST)";
				CODE_SIGN_STYLE = Automatic;
				CURRENT_PROJECT_VERSION = 1;
				DEVELOPMENT_TEAM = 2AMJ55P8NJ;
				GENERATE_INFOPLIST_FILE = YES;
				IPHONEOS_DEPLOYMENT_TARGET = 26.0;
				MARKETING_VERSION = 1.0;
				PRODUCT_BUNDLE_IDENTIFIER = FormFit.FFSwiftTestTests;
				PRODUCT_NAME = "$(TARGET_NAME)";
				STRING_CATALOG_GENERATE_SYMBOLS = NO;
				SWIFT_APPROACHABLE_CONCURRENCY = YES;
				SWIFT_EMIT_LOC_STRINGS = NO;
				SWIFT_UPCOMING_FEATURE_MEMBER_IMPORT_VISIBILITY = YES;
				SWIFT_VERSION = 5.0;
				TARGETED_DEVICE_FAMILY = "1,2";
				TEST_HOST = "$(BUILT_PRODUCTS_DIR)/FFSwiftTest.app/$(BUNDLE_EXECUTABLE_FOLDER_PATH)/FFSwiftTest";
			};
			name = Release;
		};
		1B7DD8D12EE0F6D7003FEA0C /* Debug */ = {
			isa = XCBuildConfiguration;
			buildSettings = {
				CODE_SIGN_STYLE = Automatic;
				CURRENT_PROJECT_VERSION = 1;
				DEVELOPMENT_TEAM = 2AMJ55P8NJ;
				GENERATE_INFOPLIST_FILE = YES;
				MARKETING_VERSION = 1.0;
				PRODUCT_BUNDLE_IDENTIFIER = FormFit.FFSwiftTestUITests;
				PRODUCT_NAME = "$(TARGET_NAME)";
				STRING_CATALOG_GENERATE_SYMBOLS = NO;
				SWIFT_APPROACHABLE_CONCURRENCY = YES;
				SWIFT_EMIT_LOC_STRINGS = NO;
				SWIFT_UPCOMING_FEATURE_MEMBER_IMPORT_VISIBILITY = YES;
				SWIFT_VERSION = 5.0;
				TARGETED_DEVICE_FAMILY = "1,2";
				TEST_TARGET_NAME = FFSwiftTest;
			};
			name = Debug;
		};
		1B7DD8D22EE0F6D7003FEA0C /* Release */ = {
			isa = XCBuildConfiguration;
			buildSettings = {
				CODE_SIGN_STYLE = Automatic;
				CURRENT_PROJECT_VERSION = 1;
				DEVELOPMENT_TEAM = 2AMJ55P8NJ;
				GENERATE_INFOPLIST_FILE = YES;
				MARKETING_VERSION = 1.0;
				PRODUCT_BUNDLE_IDENTIFIER = FormFit.FFSwiftTestUITests;
				PRODUCT_NAME = "$(TARGET_NAME)";
				STRING_CATALOG_GENERATE_SYMBOLS = NO;
				SWIFT_APPROACHABLE_CONCURRENCY = YES;
				SWIFT_EMIT_LOC_STRINGS = NO;
				SWIFT_UPCOMING_FEATURE_MEMBER_IMPORT_VISIBILITY = YES;
				SWIFT_VERSION = 5.0;
				TARGETED_DEVICE_FAMILY = "1,2";
				TEST_TARGET_NAME = FFSwiftTest;
			};
			name = Release;
		};
		FF0000042EE0F6D6003FEA0C /* Debug */ = {
			isa = XCBuildConfiguration;
			buildSettings = {
				ASSETCATALOG_COMPILER_APPICON_NAME = AppIcon;
				CODE_SIGN_STYLE = Automatic;
				CURRENT_PROJECT_VERSION = 1;
				DEVELOPMENT_TEAM = 2AMJ55P8NJ;
				GENERATE_INFOPLIST_FILE = YES;
				INFOPLIST_KEY_WKApplication = YES;
				INFOPLIST_KEY_WKCompanionAppBundleIdentifier = "FormFit.FFSwiftTest";
				MARKETING_VERSION = 1.0;
				PRODUCT_BUNDLE_IDENTIFIER = "FormFit.FFSwiftTest.watchkitapp";
				PRODUCT_NAME = "$(TARGET_NAME)";
				SDKROOT = watchos;
				SKIP_INSTALL = YES;
				SWIFT_APPROACHABLE_CONCURRENCY = YES;
				SWIFT_DEFAULT_ACTOR_ISOLATION = MainActor;
				SWIFT_EMIT_LOC_STRINGS = YES;
				SWIFT_UPCOMING_FEATURE_MEMBER_IMPORT_VISIBILITY = YES;
				SWIFT_VERSION = 5.0;
				TARGETED_DEVICE_FAMILY = 4;
				WATCHOS_DEPLOYMENT_TARGET = 10.0;
			};
			name = Debug;
		};
		FF0000052EE0F6D6003FEA0C /* Release */ = {
			isa = XCBuildConfiguration;
			buildSettings = {
				ASSETCATALOG_COMPILER_APPICON_NAME = AppIcon;
				CODE_SIGN_STYLE = Automatic;
				CURRENT_PROJECT_VERSION = 1;
				DEVELOPMENT_TEAM = 2AMJ55P8NJ;
				GENERATE_INFOPLIST_FILE = YES;
				INFOPLIST_KEY_WKApplication = YES;
				INFOPLIST_KEY_WKCompanionAppBundleIdentifier = "FormFit.FFSwiftTest";
				MARKETING_VERSION = 1.0;
				PRODUCT_BUNDLE_IDENTIFIER = "FormFit.FFSwiftTest.watchkitapp";
				PRODUCT_NAME = "$(TARGET_NAME)";
				SDKROOT = watchos;
				SKIP_INSTALL = YES;
				SWIFT_APPROACHABLE_CONCURRENCY = YES;
				SWIFT_DEFAULT_ACTOR_ISOLATION = MainActor;
				SWIFT_EMIT_LOC_STRINGS = YES;
				SWIFT_UPCOMING_FEATURE_MEMBER_IMPORT_VISIBILITY = YES;
				SWIFT_VERSION = 5.0;
				TARGETED_DEVICE_FAMILY = 4;
				WATCHOS_DEPLOYMENT_TARGET = 10.0;
			};
			name = Release;
		};
/* End XCBuildConfiguration section */

/* Begin XCConfigurationList section */
		1B7DD8A42EE0F6D6003FEA0C /* Build configuration list for PBXProject "FFSwiftTest" */ = {
			isa = XCConfigurationList;
			buildConfigurations = (
				1B7DD8C82EE0F6D7003FEA0C /* Debug */,
				1B7DD8C92EE0F6D7003FEA0C /* Release */,
			);
			defaultConfigurationIsVisible = 0;
			defaultConfigurationName = Release;
		};
		1B7DD8CA2EE0F6D7003FEA0C /* Build configuration list for PBXNativeTarget "FFSwiftTest" */ = {
			isa = XCConfigurationList;
			buildConfigurations = (
				1B7DD8CB2EE0F6D7003FEA0C /* Debug */,
				1B7DD8CC2EE0F6D7003FEA0C /* Release */,
			);
			defaultConfigurationIsVisible = 0;
			defaultConfigurationName = Release;
		};
		1B7DD8CD2EE0F6D7003FEA0C /* Build configuration list for PBXNativeTarget "FFSwiftTestTests" */ = {
			isa = XCConfigurationList;
			buildConfigurations = (
				1B7DD8CE2EE0F6D7003FEA0C /* Debug */,
				1B7DD8CF2EE0F6D7003FEA0C /* Release */,
			);
			defaultConfigurationIsVisible = 0;
			defaultConfigurationName = Release;
		};
		1B7DD8D02EE0F6D7003FEA0C /* Build configuration list for PBXNativeTarget "FFSwiftTestUITests" */ = {
			isa = XCConfigurationList;
			buildConfigurations = (
				1B7DD8D12EE0F6D7003FEA0C /* Debug */,
				1B7DD8D22EE0F6D7003FEA0C /* Release */,
			);
			defaultConfigurationIsVisible = 0;
			defaultConfigurationName = Release;
		};
		FF0000032EE0F6D6003FEA0C /* Build configuration list for PBXNativeTarget "FormFitWatch" */ = {
			isa = XCConfigurationList;
			buildConfigurations = (
				FF0000042EE0F6D6003FEA0C /* Debug */,
				FF0000052EE0F6D6003FEA0C /* Release */,
			);
			defaultConfigurationIsVisible = 0;
			defaultConfigurationName = Release;
		};
/* End XCConfigurationList section */
	};
	rootObject = 1B7DD8A12EE0F6D6003FEA0C /* Project object */;
}
